
Microsoft Visual Studio Solution File, Format Version 9.00
# Visual Studio 2005
Project("{FAE04EC0-301F-11D3-BF4B-00C04F79EFBC}") = "CC_Demo", "CC_Demo\CC_Demo.csproj", "{38991104-EC76-4E76-AC1C-1B23A70F4121}"
EndProject
Project("{FAE04EC0-301F-11D3-BF4B-00C04F79EFBC}") = "AptimaGraphicsToolkit", "..\AptimaGraphicsToolkit\AptimaGraphicsToolkit.csproj", "{D6C4302B-EF23-4D1E-A642-2A31622E610D}"
EndProject
Global
	GlobalSection(SolutionConfigurationPlatforms) = preSolution
		Debug|Any CPU = Debug|Any CPU
		Release|Any CPU = Release|Any CPU
	EndGlobalSection
	GlobalSection(ProjectConfigurationPlatforms) = postSolution
		{38991104-EC76-4E76-AC1C-1B23A70F4121}.Debug|Any CPU.ActiveCfg = Debug|Any CPU
		{38991104-EC76-4E76-AC1C-1B23A70F4121}.Debug|Any CPU.Build.0 = Debug|Any CPU
		{38991104-EC76-4E76-AC1C-1B23A70F4121}.Release|Any CPU.ActiveCfg = Release|Any CPU
		{38991104-EC76-4E76-AC1C-1B23A70F4121}.Release|Any CPU.Build.0 = Release|Any CPU
		{D6C4302B-EF23-4D1E-A642-2A31622E610D}.Debug|Any CPU.ActiveCfg = Debug|Any CPU
		{D6C4302B-EF23-4D1E-A642-2A31622E610D}.Debug|Any CPU.Build.0 = Debug|Any CPU
		{D6C4302B-EF23-4D1E-A642-2A31622E610D}.Release|Any CPU.ActiveCfg = Release|Any CPU
		{D6C4302B-EF23-4D1E-A642-2A31622E610D}.Release|Any CPU.Build.0 = Release|Any CPU
	EndGlobalSection
	GlobalSection(SolutionProperties) = preSolution
		HideSolutionNode = FALSE
	EndGlobalSection
EndGlobal
