
Microsoft Visual Studio Solution File, Format Version 9.00
# Visual Studio 2005
Project("{FAE04EC0-301F-11D3-BF4B-00C04F79EFBC}") = "GLCore", "GLCore\GLCore.csproj", "{AC3D74D4-0EB7-4AF7-A2AD-F264FA3EBD9E}"
EndProject
Global
	GlobalSection(SolutionConfigurationPlatforms) = preSolution
		Debug|Any CPU = Debug|Any CPU
		Release|Any CPU = Release|Any CPU
	EndGlobalSection
	GlobalSection(ProjectConfigurationPlatforms) = postSolution
		{AC3D74D4-0EB7-4AF7-A2AD-F264FA3EBD9E}.Debug|Any CPU.ActiveCfg = Debug|Any CPU
		{AC3D74D4-0EB7-4AF7-A2AD-F264FA3EBD9E}.Debug|Any CPU.Build.0 = Debug|Any CPU
		{AC3D74D4-0EB7-4AF7-A2AD-F264FA3EBD9E}.Release|Any CPU.ActiveCfg = Release|Any CPU
		{AC3D74D4-0EB7-4AF7-A2AD-F264FA3EBD9E}.Release|Any CPU.Build.0 = Release|Any CPU
	EndGlobalSection
	GlobalSection(SolutionProperties) = preSolution
		HideSolutionNode = FALSE
	EndGlobalSection
EndGlobal
